{
  "lockfile_version": "1",
  "packages": {
    "google-cloud-sdk@latest": {
      "last_modified": "2023-10-25T20:49:13Z",
      "resolved": "github:NixOS/nixpkgs/75a52265bda7fd25e06e3a67dee3f0354e73243c#google-cloud-sdk",
      "version": "446.0.1"
    },
    "kubectl@latest": {
      "last_modified": "2023-10-25T20:49:13Z",
      "resolved": "github:NixOS/nixpkgs/75a52265bda7fd25e06e3a67dee3f0354e73243c#kubectl",
      "version": "1.28.3"
    },
    "kubectx@latest": {
      "last_modified": "2023-10-25T20:49:13Z",
      "resolved": "github:NixOS/nixpkgs/75a52265bda7fd25e06e3a67dee3f0354e73243c#kubectx",
      "version": "0.9.4"
    },
    "libxml2@latest": {
      "last_modified": "2023-11-02T13:29:18Z",
      "resolved": "github:NixOS/nixpkgs/b644d97bda6dae837d577e28383c10aa51e5e2d2#libxml2",
      "version": "2.11.5"
    },
    "postgresql@latest": {
      "last_modified": "2023-11-02T13:29:18Z",
      "plugin_version": "0.0.1",
      "resolved": "github:NixOS/nixpkgs/b644d97bda6dae837d577e28383c10aa51e5e2d2#postgresql",
      "version": "15.4"
    },
    "python310@latest": {
      "last_modified": "2023-10-25T20:49:13Z",
      "plugin_version": "0.0.1",
      "resolved": "github:NixOS/nixpkgs/75a52265bda7fd25e06e3a67dee3f0354e73243c#python310",
      "version": "3.10.13"
    },
    "python310Packages.google-cloud-bigquery@3.4.2": {
      "last_modified": "2023-01-31T17:05:53Z",
      "resolved": "github:NixOS/nixpkgs/50e4dbf35b95fd2b96718b656ebcbc6f9fa3a4ab#python310Packages.google-cloud-bigquery",
      "version": "3.4.2"
    },
    "python310Packages.grpcio@latest": {
      "last_modified": "2023-10-29T04:21:19Z",
      "resolved": "github:NixOS/nixpkgs/90e85bc7c1a6fc0760a94ace129d3a1c61c3d035#python310Packages.grpcio",
      "version": "1.57.0"
    },
    "python310Packages.libxml2@latest": {
      "last_modified": "2023-11-02T13:29:18Z",
      "resolved": "github:NixOS/nixpkgs/b644d97bda6dae837d577e28383c10aa51e5e2d2#python310Packages.libxml2",
      "version": "2.11.5"
    },
    "python310Packages.lxml@latest": {
      "last_modified": "2023-10-25T20:49:13Z",
      "resolved": "github:NixOS/nixpkgs/75a52265bda7fd25e06e3a67dee3f0354e73243c#python310Packages.lxml",
      "version": "4.9.3-3"
    },
    "python310Packages.pip@latest": {
      "last_modified": "2023-10-25T20:49:13Z",
      "plugin_version": "0.0.1",
      "resolved": "github:NixOS/nixpkgs/75a52265bda7fd25e06e3a67dee3f0354e73243c#python310Packages.pip",
      "version": "23.2.1"
    }
  }
}